
Microsoft Visual Studio Solution File, Format Version 12.00
# Visual Studio 15
VisualStudioVersion = 15.0.28307.1525
MinimumVisualStudioVersion = 10.0.40219.1
Project("{FAE04EC0-301F-11D3-BF4B-00C04F79EFBC}") = "面签系统补丁程序", "面签系统补丁程序\面签系统补丁程序.csproj", "{D692A2DC-D9D3-4CA0-B70E-98A372BFE623}"
EndProject
Global
	GlobalSection(SolutionConfigurationPlatforms) = preSolution
		Debug|Any CPU = Debug|Any CPU
		Release|Any CPU = Release|Any CPU
	EndGlobalSection
	GlobalSection(ProjectConfigurationPlatforms) = postSolution
		{D692A2DC-D9D3-4CA0-B70E-98A372BFE623}.Debug|Any CPU.ActiveCfg = Debug|Any CPU
		{D692A2DC-D9D3-4CA0-B70E-98A372BFE623}.Debug|Any CPU.Build.0 = Debug|Any CPU
		{D692A2DC-D9D3-4CA0-B70E-98A372BFE623}.Release|Any CPU.ActiveCfg = Release|Any CPU
		{D692A2DC-D9D3-4CA0-B70E-98A372BFE623}.Release|Any CPU.Build.0 = Release|Any CPU
	EndGlobalSection
	GlobalSection(SolutionProperties) = preSolution
		HideSolutionNode = FALSE
	EndGlobalSection
	GlobalSection(ExtensibilityGlobals) = postSolution
		SolutionGuid = {253E1374-85EB-4CA5-A229-1B827C52BF01}
	EndGlobalSection
EndGlobal
